# This file is @generated by PDM.
# It is not intended for manual editing.

[metadata]
groups = ["default"]
strategy = ["inherit_metadata"]
lock_version = "4.5.0"
content_hash = "sha256:322fd0551de86f912bf0158cacd9f966d7f2ce1ef11a4273913c7a5a30b19e22"

[[metadata.targets]]
requires_python = "~=3.13"

[[package]]
name = "annotated-types"
version = "0.7.0"
requires_python = ">=3.8"
summary = "Reusable constraint types to use with typing.Annotated"
groups = ["default"]
dependencies = [
    "typing-extensions>=4.0.0; python_version < \"3.9\"",
]
files = [
    {file = "annotated_types-0.7.0-py3-none-any.whl", hash = "sha256:1f02e8b43a8fbbc3f3e0d4f0f4bfc8131bcb4eebe8849b8e5c773f3a1c582a53"},
    {file = "annotated_types-0.7.0.tar.gz", hash = "sha256:aff07c09a53a08bc8cfccb9c85b05f1aa9a2a6f23728d790723543408344ce89"},
]

[[package]]
name = "pydantic"
version = "2.14.0a1"
requires_python = ">=3.10"
summary = "Data validation using Python type hints"
groups = ["default"]
dependencies = [
    "annotated-types>=0.6.0",
    "pydantic-core==2.47.0",
    "typing-extensions>=4.15.0",
    "typing-inspection>=0.4.2",
]
files = [
    {file = "pydantic-2.14.0a1-py3-none-any.whl", hash = "sha256:61a1ea8d65df95b681c1fab9cd7d01b2472837f798df53dc6d0f41f0c217b061"},
    {file = "pydantic-2.14.0a1.tar.gz", hash = "sha256:2c3a5627d48f59725564c41b582328a29fa8d9b1108128ef6710463a0136d4fd"},
]

[[package]]
name = "pydantic-core"
version = "2.47.0"
requires_python = ">=3.10"
summary = "Core functionality for Pydantic validation and serialization"
groups = ["default"]
dependencies = [
    "typing-extensions>=4.14.1",
]
files = [
    {file = "pydantic_core-2.47.0-cp313-cp313-macosx_10_12_x86_64.whl", hash = "sha256:263560ece98bffbbc0a8047ce60b8a278c859db6a2a4e30d9454b02891045eca"},
    {file = "pydantic_core-2.47.0-cp313-cp313-macosx_11_0_arm64.whl", hash = "sha256:a7fdaff39a66bf66e9037da482575513d2f20bfb02ea9d9222b5cb3b902fc695"},
    {file = "pydantic_core-2.47.0-cp313-cp313-manylinux_2_17_aarch64.manylinux2014_aarch64.whl", hash = "sha256:b3e6c8ee5ce8c270bfae09763ae4bbbccfe81090c97d670a621fb86cb1ef6042"},
    {file = "pydantic_core-2.47.0-cp313-cp313-manylinux_2_17_armv7l.manylinux2014_armv7l.whl", hash = "sha256:e38cdae682cfec4b3816722dccf6376ca59049726d57dca83c2fe7cc13665589"},
    {file = "pydantic_core-2.47.0-cp313-cp313-manylinux_2_17_ppc64le.manylinux2014_ppc64le.whl", hash = "sha256:9fc3193ff0b7e2e168f84c6185e70475738c191f3154e0af8f897cd0f8f9a489"},
    {file = "pydantic_core-2.47.0-cp313-cp313-manylinux_2_17_s390x.manylinux2014_s390x.whl", hash = "sha256:57ff41672a615f38af528ee904602be51c653248354e5db8e9252668abe91e68"},
    {file = "pydantic_core-2.47.0-cp313-cp313-manylinux_2_17_x86_64.manylinux2014_x86_64.whl", hash = "sha256:473b9a2b2a1f0dd55cbb32d2b902f93babe7f141a0bb48fb4d3d4d2b3e93e9a0"},
    {file = "pydantic_core-2.47.0-cp313-cp313-manylinux_2_31_riscv64.whl", hash = "sha256:195f9c4ac43a7b2a044a7b86631c3352abdb820bed2823ea29f98f779255f459"},
    {file = "pydantic_core-2.47.0-cp313-cp313-manylinux_2_5_i686.manylinux1_i686.whl", hash = "sha256:6c1cd10d39ef1ff8bcd68b6865bee9c434631ac0608d402fe86e678851c2e2a5"},
    {file = "pydantic_core-2.47.0-cp313-cp313-musllinux_1_1_aarch64.whl", hash = "sha256:7cbe66352fe2b39511d49150e5b52159429cd21f5633a3e801dd2c43829dcdca"},
    {file = "pydantic_core-2.47.0-cp313-cp313-musllinux_1_1_armv7l.whl", hash = "sha256:e35192a1d53e55d510d8bb1023c988c7cdae6d94539074971741b2a7656e49a1"},
    {file = "pydantic_core-2.47.0-cp313-cp313-musllinux_1_1_x86_64.whl", hash = "sha256:81de54576de2e20baec76cc5afae2820f9049e6fdc4f357bac3391da02d0ba97"},
    {file = "pydantic_core-2.47.0-cp313-cp313-win32.whl", hash = "sha256:05da6647bdfd3888936ac10aa39b239d659f3c93dff281af0fc5943eb55629dd"},
    {file = "pydantic_core-2.47.0-cp313-cp313-win_amd64.whl", hash = "sha256:021220e0a03b66112737ee1fc49759340ce8fafb8d9ade1b7fb366b06033fa45"},
    {file = "pydantic_core-2.47.0-cp313-cp313-win_arm64.whl", hash = "sha256:55156ee2f6f561ea4e25ab55f84bd70b9c9ed2546a834cb2b038fe10225aaa37"},
    {file = "pydantic_core-2.47.0-cp314-cp314-macosx_10_12_x86_64.whl", hash = "sha256:6e37a6974fbd8fa7cae12285a76970d50b3689ffd6ed7c7fdd176ba81dd22d0e"},
    {file = "pydantic_core-2.47.0-cp314-cp314-macosx_11_0_arm64.whl", hash = "sha256:2433b8524785cc117e602233bc574879bc8d87f09523edeec51665d5c46cf42d"},
    {file = "pydantic_core-2.47.0-cp314-cp314-manylinux_2_17_aarch64.manylinux2014_aarch64.whl", hash = "sha256:f8f9f2be064c8bf1189f46f7062fd42765d94f59cfb7db7ef8db19563192110a"},
    {file = "pydantic_core-2.47.0-cp314-cp314-manylinux_2_17_armv7l.manylinux2014_armv7l.whl", hash = "sha256:1f0a9659a2eb161573418e3138f616101ba21bbd2ff04916dca7b6712155e015"},
    {file = "pydantic_core-2.47.0-cp314-cp314-manylinux_2_17_ppc64le.manylinux2014_ppc64le.whl", hash = "sha256:2995074b99242aa28991e0120a3c881babc139e08750a05b7ea7d140644e091d"},
    {file = "pydantic_core-2.47.0-cp314-cp314-manylinux_2_17_s390x.manylinux2014_s390x.whl", hash = "sha256:c5b224dc04c3ff9b08c24419464eb7f6ad7a1049e12284a00bf80df82bd15fdb"},
    {file = "pydantic_core-2.47.0-cp314-cp314-manylinux_2_17_x86_64.manylinux2014_x86_64.whl", hash = "sha256:264361b7236d4374fef6342908f87d084a0d58a2f8d0811e99f714309cb0ba7e"},
    {file = "pydantic_core-2.47.0-cp314-cp314-manylinux_2_31_riscv64.whl", hash = "sha256:53368beaf693f6302a6e33bdefe950857534a04d282811421bd20176d0fb5636"},
    {file = "pydantic_core-2.47.0-cp314-cp314-manylinux_2_5_i686.manylinux1_i686.whl", hash = "sha256:5d2177b44ba7d9d86850f865f362feeaac6a2ed8517a9b505b97ff0b7fdbd7dd"},
    {file = "pydantic_core-2.47.0-cp314-cp314-musllinux_1_1_aarch64.whl", hash = "sha256:fb57a6b538ec7a01b937986bc093aec530fb056135b6bc9cfdd0bf8460c25bc2"},
    {file = "pydantic_core-2.47.0-cp314-cp314-musllinux_1_1_armv7l.whl", hash = "sha256:18c9c7c3a18e9bdbf1215d913f6bd00e17595dc92949817935cb87a3cf5f1697"},
    {file = "pydantic_core-2.47.0-cp314-cp314-musllinux_1_1_x86_64.whl", hash = "sha256:2f72a382886ca85bb1247303b9134cf9978c9d454de62e710a1ebcd9d2131927"},
    {file = "pydantic_core-2.47.0-cp314-cp314-pyemscripten_2026_0_wasm32.whl", hash = "sha256:cdf4dc2cdd0eacad1bd81c4d25422b4c25b206acae095d2d64e5d5cb7facc6b3"},
    {file = "pydantic_core-2.47.0-cp314-cp314-win32.whl", hash = "sha256:1e859dd5e06e9807080e14995db131649a77c61131cc464a7fe492a69ce82488"},
    {file = "pydantic_core-2.47.0-cp314-cp314-win_amd64.whl", hash = "sha256:234ecade0e358caa1ea516c218b3f61e61e30532cad1a8bb12f2487325838548"},
    {file = "pydantic_core-2.47.0-cp314-cp314-win_arm64.whl", hash = "sha256:58158d0111e86893bc35aacabe509f951ed303cddf8cdba43533190bde317914"},
    {file = "pydantic_core-2.47.0-cp314-cp314t-macosx_10_12_x86_64.whl", hash = "sha256:24017fd3befd4d7cc4a8c71f4a1e9a44d29fdc91723c5446b0e795ab808adee7"},
    {file = "pydantic_core-2.47.0-cp314-cp314t-macosx_11_0_arm64.whl", hash = "sha256:dfa0820888cc4549fcce7e6bd8affa7d75198d885ccd0bb0760def4bb8461862"},
    {file = "pydantic_core-2.47.0-cp314-cp314t-manylinux_2_17_aarch64.manylinux2014_aarch64.whl", hash = "sha256:a1d507f331756f7066cde7c9f35ed78fa78223a54369dbc8a34d6da7a5074fa1"},
    {file = "pydantic_core-2.47.0-cp314-cp314t-manylinux_2_17_armv7l.manylinux2014_armv7l.whl", hash = "sha256:5c4a885fb50c05903bc703a00830616e680304fdcdd90fc9535a52e72debe712"},
    {file = "pydantic_core-2.47.0-cp314-cp314t-manylinux_2_17_ppc64le.manylinux2014_ppc64le.whl", hash = "sha256:7b107cbd764bf68f12a57c7aa5846d868bc7463490a1ac2d0f19bffef624c5a9"},
    {file = "pydantic_core-2.47.0-cp314-cp314t-manylinux_2_17_s390x.manylinux2014_s390x.whl", hash = "sha256:0b5f46412c8226d0c8f1f423c324c75afe342e4b854836933579fb484f68598c"},
    {file = "pydantic_core-2.47.0-cp314-cp314t-manylinux_2_17_x86_64.manylinux2014_x86_64.whl", hash = "sha256:90cbf7e35d597503cbdb5cd85409cbb75f377290bc7e8e37cc5dfe4f5cc66cf8"},
    {file = "pydantic_core-2.47.0-cp314-cp314t-manylinux_2_31_riscv64.whl", hash = "sha256:04ee7ba7172cb4484af51b2890f19069d35773698abc8c6ebb651f52fbf41134"},
    {file = "pydantic_core-2.47.0-cp314-cp314t-manylinux_2_5_i686.manylinux1_i686.whl", hash = "sha256:2a7acb3e120ddba94372b8146e62ea3a0bce203180e34641c817c87f995c91e0"},
    {file = "pydantic_core-2.47.0-cp314-cp314t-musllinux_1_1_aarch64.whl", hash = "sha256:1a2f7ceb58013d167d8c96f10ec9b3a137018c819ba356f68ff1cb74302fd22e"},
    {file = "pydantic_core-2.47.0-cp314-cp314t-musllinux_1_1_armv7l.whl", hash = "sha256:482b097637fec5037eb13fe9f9d5fe47e568a5b451d686bc2b854076cc0b50ca"},
    {file = "pydantic_core-2.47.0-cp314-cp314t-musllinux_1_1_x86_64.whl", hash = "sha256:a8c7f5fad73eb404f4b84c75f3d9d3865b748ded248b7366341db6e516fc502b"},
    {file = "pydantic_core-2.47.0-cp314-cp314t-win32.whl", hash = "sha256:f343c39928097175acf2f7d0cba5c00b0f62265d88a173a4ce264266ac849bd9"},
    {file = "pydantic_core-2.47.0-cp314-cp314t-win_amd64.whl", hash = "sha256:52d40e074da44e42b2425aedebd513e405a31807036ef597175117a9b01743a6"},
    {file = "pydantic_core-2.47.0-cp314-cp314t-win_arm64.whl", hash = "sha256:25cac08c9735e61e5c0b9f7a85c438661fc0e9da226afdfa984c3da6c5942a5a"},
    {file = "pydantic_core-2.47.0.tar.gz", hash = "sha256:422c1797a7864b2a9a996435aba92fe571fb80190f67a31edbc1ac040c7b51fe"},
]

[[package]]
name = "typing-extensions"
version = "4.16.0"
requires_python = ">=3.9"
summary = "Backported and Experimental Type Hints for Python 3.9+"
groups = ["default"]
files = [
    {file = "typing_extensions-4.16.0-py3-none-any.whl", hash = "sha256:481caa481374e813c1b176ada14e97f1f67a4539ce9cfeb3f350d78d6370c2e8"},
    {file = "typing_extensions-4.16.0.tar.gz", hash = "sha256:dc983d19a509c94dba722ee6abd33940f7c05a89e243c47e907eb4db6f1a43e5"},
]

[[package]]
name = "typing-inspection"
version = "0.4.2"
requires_python = ">=3.9"
summary = "Runtime typing introspection tools"
groups = ["default"]
dependencies = [
    "typing-extensions>=4.12.0",
]
files = [
    {file = "typing_inspection-0.4.2-py3-none-any.whl", hash = "sha256:4ed1cacbdc298c220f1bd249ed5287caa16f34d44ef4e9c3d0cbad5b521545e7"},
    {file = "typing_inspection-0.4.2.tar.gz", hash = "sha256:ba561c48a67c5958007083d386c3295464928b01faa735ab8547c5692e87f464"},
]
